PODS:
  - Flutter (1.0.0)
  - flutter_nfc_kit (3.6.0):
    - Flutter

DEPENDENCIES:
  - Flutter (from `Flutter`)
  - flutter_nfc_kit (from `.symlinks/plugins/flutter_nfc_kit/ios`)

EXTERNAL SOURCES:
  Flutter:
    :path: Flutter
  flutter_nfc_kit:
    :path: ".symlinks/plugins/flutter_nfc_kit/ios"

SPEC CHECKSUMS:
  Flutter: e0871f40cf51350855a761d2e70bf5af5b9b5de7
  flutter_nfc_kit: e1b71583eafd2c9650bc86844a7f2d185fb414f6

PODFILE CHECKSUM: 610298f5f0b7014f1b722b19950196143d94e5bb

COCOAPODS: 1.16.2
